{
  "requires": true,
  "lockfileVersion": 1,
  "dependencies": {
    "bootstrap": {
      "version": "5.1.3",
      "resolved": "https://registry.npmjs.org/bootstrap/-/bootstrap-5.1.3.tgz",
      "integrity": "sha512-fcQztozJ8jToQWXxVuEyXWW+dSo8AiXWKwiSSrKWsRB/Qt+Ewwza+JWoLKiTuQLaEPhdNAJ7+Dosc9DOIqNy7Q=="
    },
    "howler": {
      "version": "2.2.3",
      "resolved": "https://registry.npmjs.org/howler/-/howler-2.2.3.tgz",
      "integrity": "sha512-QM0FFkw0LRX1PR8pNzJVAY25JhIWvbKMBFM4gqk+QdV+kPXOhleWGCB6AiAF/goGjIHK2e/nIElplvjQwhr0jg=="
    },
    "math-clamp": {
      "version": "1.0.0",
      "resolved": "https://registry.npmjs.org/math-clamp/-/math-clamp-1.0.0.tgz",
      "integrity": "sha1-PKX6y/armCIVS3B+ZBxvH/fCr2Y="
    },
    "object-assign": {
      "version": "4.1.1",
      "resolved": "https://registry.npmjs.org/object-assign/-/object-assign-4.1.1.tgz",
      "integrity": "sha1-IQmtx5ZYh8/AXLvUQsrIv7s2CGM="
    },
    "object-values": {
      "version": "1.0.0",
      "resolved": "https://registry.npmjs.org/object-values/-/object-values-1.0.0.tgz",
      "integrity": "sha1-cq+DljARnluYw7AruMJ+MjcVgQU="
    },
    "vue-howler": {
      "version": "0.7.0",
      "resolved": "https://registry.npmjs.org/vue-howler/-/vue-howler-0.7.0.tgz",
      "integrity": "sha512-19lgA4ehPPF9wkPRiP17DOMimIEf65WnhaQiE/n79xv7kk0bD6MG/6X4MZk1Kp1+w5QJbLskqXbBC1UlkTlZ9Q==",
      "requires": {
        "howler": "^2.0.5",
        "math-clamp": "^1.0.0",
        "object-assign": "^4.1.1",
        "object-values": "^1.0.0"
      }
    }
  }
}
